{
  "name": "@guseyn/cutie-benchmarks",
  "version": "1.0.0",
  "lockfileVersion": 1,
  "requires": true,
  "dependencies": {
    "@cuties/assert": {
      "version": "1.1.5",
      "resolved": "https://registry.npmjs.org/@cuties/assert/-/assert-1.1.5.tgz",
      "integrity": "sha512-BqdZ0eqvwc2pBa3QbD8LtfsklBVqFQPx5XKakY8fNxSUgqfVLRvFW9oPefQ6zMigz4BSkZ6VlnQ6uZHqsFy23A==",
      "requires": {
        "@cuties/cutie": "1.4.4",
        "test-executor": "1.1.2"
      }
    },
    "@cuties/buffer": {
      "version": "1.1.1",
      "resolved": "https://registry.npmjs.org/@cuties/buffer/-/buffer-1.1.1.tgz",
      "integrity": "sha512-8TK1ozchbMDv4nhPPo/Ziypkvw9BmKEMFGYA8PWXjq6GqeSLjf8FvEdSKZ9bpky84ma7NC0LOlf4gjEC9FBgEw==",
      "requires": {
        "@cuties/assert": "1.1.5",
        "@cuties/cutie": "1.4.4",
        "@cuties/is": "1.0.8",
        "@cuties/iterator": "1.0.5",
        "test-executor": "1.1.2"
      }
    },
    "@cuties/child-process": {
      "version": "1.0.2",
      "resolved": "https://registry.npmjs.org/@cuties/child-process/-/child-process-1.0.2.tgz",
      "integrity": "sha512-ZeJd8e5Fnwm0pLK7DkwMY7bmyt/qfChJxLsjXoMb3+ytlXi7U0dyDJIerBWlBL4HnumeyNT39Hch3dmaeUjWAQ==",
      "requires": {
        "@cuties/assert": "1.1.5",
        "@cuties/cutie": "1.4.4",
        "@cuties/is": "1.0.8",
        "test-executor": "1.1.2"
      }
    },
    "@cuties/cutie": {
      "version": "1.4.4",
      "resolved": "https://registry.npmjs.org/@cuties/cutie/-/cutie-1.4.4.tgz",
      "integrity": "sha512-z+hvVaT1jHrsXe9sTFBKyAN40LOHi7OourjSrKbKjqDKi1Y6u0eMQgcWKlZOP4Wsp9a5nkGmI0b+cC2IoT7kqQ=="
    },
    "@cuties/date": {
      "version": "1.0.7",
      "resolved": "https://registry.npmjs.org/@cuties/date/-/date-1.0.7.tgz",
      "integrity": "sha512-9BIT1G1HCJbiZdpcCOfnpcxzPsorJfheLzw4RwkOnWM2HmNu58ETbFjnUsMkmii4sRon9xV1sQALWjI8oWIBwg==",
      "requires": {
        "@cuties/assert": "1.1.5",
        "@cuties/cutie": "1.4.4",
        "@cuties/is": "1.0.8",
        "test-executor": "1.1.2"
      }
    },
    "@cuties/error": {
      "version": "1.0.7",
      "resolved": "https://registry.npmjs.org/@cuties/error/-/error-1.0.7.tgz",
      "integrity": "sha512-uvZ1RN1vYfWkCak+P/GorAu+/fx4idd3oyjsknTpBFHCgi79besCSFhD5LktHHa9aomrMn5OPcN8rzksleKvfQ==",
      "requires": {
        "@cuties/assert": "1.1.5",
        "@cuties/cutie": "1.4.4",
        "@cuties/is": "1.0.8",
        "test-executor": "1.1.2"
      }
    },
    "@cuties/event": {
      "version": "1.0.9",
      "resolved": "https://registry.npmjs.org/@cuties/event/-/event-1.0.9.tgz",
      "integrity": "sha512-unTbAJu/YRvIQv9FTa9K2CNyyvXYOCXAbxN5i6v/BupSTGF+eq+MicyH26m445Ng1BVhMovCeYjb1bsejr9CZw==",
      "requires": {
        "@cuties/assert": "1.1.5",
        "@cuties/cutie": "1.4.4",
        "@cuties/is": "1.0.8",
        "test-executor": "1.1.2"
      }
    },
    "@cuties/fs": {
      "version": "1.1.2",
      "resolved": "https://registry.npmjs.org/@cuties/fs/-/fs-1.1.2.tgz",
      "integrity": "sha512-Kq1/cwHdn1OVN/Jfr7pmEdTdyo4bz1qh69A5QGr62+KeJODMWeMyQTiqBCXobWj4amckozM6u2bUnfpzH70fvA==",
      "requires": {
        "@cuties/assert": "1.1.5",
        "@cuties/buffer": "1.1.1",
        "@cuties/cutie": "1.4.4",
        "@cuties/date": "1.0.7",
        "@cuties/error": "1.0.7",
        "@cuties/event": "1.0.9",
        "@cuties/is": "1.0.8",
        "@cuties/stream": "1.1.1",
        "test-executor": "1.1.2"
      }
    },
    "@cuties/http": {
      "version": "1.2.6",
      "resolved": "https://registry.npmjs.org/@cuties/http/-/http-1.2.6.tgz",
      "integrity": "sha512-w1+k1BuKRQdAWLicEqmOsgTXycAdh7NXBpGpqMpB1mTxC/JNI7yfwrFac3O0FcabW+Xm421Vdbnf/o8GY/gedw==",
      "requires": {
        "@cuties/assert": "1.1.5",
        "@cuties/buffer": "^1.1.1",
        "@cuties/cutie": "1.4.4",
        "@cuties/is": "1.0.8",
        "@cuties/object": "1.0.4",
        "@cuties/process": "1.1.0",
        "@cuties/stream": "1.1.1",
        "test-executor": "1.1.2"
      }
    },
    "@cuties/https": {
      "version": "1.0.3",
      "resolved": "https://registry.npmjs.org/@cuties/https/-/https-1.0.3.tgz",
      "integrity": "sha512-IQwFlqYcaHKcbLVnvNL8F+my8r3gyOBWT6T8bT343lf4hhdAb8Xipp099PYPCNypk+jbEYUpHbODF0cbAqxzgQ==",
      "requires": {
        "@cuties/assert": "^1.1.5",
        "@cuties/buffer": "^1.1.1",
        "@cuties/cutie": "^1.4.4",
        "@cuties/fs": "^1.1.2",
        "@cuties/http": "^1.2.6",
        "@cuties/is": "^1.0.8",
        "@cuties/process": "^1.1.0",
        "test-executor": "^1.1.2"
      }
    },
    "@cuties/if-else": {
      "version": "1.0.3",
      "resolved": "https://registry.npmjs.org/@cuties/if-else/-/if-else-1.0.3.tgz",
      "integrity": "sha512-yl23NXJ1IiLWBR8zJ+IxAjPV27a8/MlUzLKnBKFKqf4x1yVTCe0MCtI1o/7Z/8NGd183g+top8lRRVbUXPxklA==",
      "requires": {
        "@cuties/assert": "1.1.5",
        "@cuties/cutie": "1.4.4",
        "test-executor": "1.1.2"
      }
    },
    "@cuties/is": {
      "version": "1.0.8",
      "resolved": "https://registry.npmjs.org/@cuties/is/-/is-1.0.8.tgz",
      "integrity": "sha512-rKR9Plo1vHyov3iyQhIxkz85Vgv6TLCY27h+eZOilwpKIkwGmQnPZHpGM+614TBBmw77yELeT48VBvh+Qd5jrA==",
      "requires": {
        "@cuties/cutie": "1.4.4"
      }
    },
    "@cuties/iterator": {
      "version": "1.0.5",
      "resolved": "https://registry.npmjs.org/@cuties/iterator/-/iterator-1.0.5.tgz",
      "integrity": "sha512-552pCdVr2CKVHo/ARZIbpFPb/JUI459aT360vgzZERjb/CM8DPwadVz8/NIyDdzr1XLoAKkvAW0qtedlRqBnWw==",
      "requires": {
        "@cuties/assert": "1.1.5",
        "@cuties/cutie": "1.4.4",
        "@cuties/is": "1.0.8",
        "test-executor": "1.1.2"
      }
    },
    "@cuties/object": {
      "version": "1.0.4",
      "resolved": "https://registry.npmjs.org/@cuties/object/-/object-1.0.4.tgz",
      "integrity": "sha512-Kq0wLyWyiftQrZuYU51ECU0wKrfrzEB5BoKK/YZvpLNEDjKDDHPa7BlEGJrXTktBYCyKeSi5n+UoSn5TgX9WwQ==",
      "requires": {
        "@cuties/assert": "1.1.5",
        "@cuties/cutie": "1.4.4",
        "@cuties/is": "1.0.8",
        "test-executor": "1.1.2"
      }
    },
    "@cuties/path": {
      "version": "1.0.3",
      "resolved": "https://registry.npmjs.org/@cuties/path/-/path-1.0.3.tgz",
      "integrity": "sha512-DehxELmKfwqr5apxNUiHJ+UK1iwagkzQ4youW6L2dgCxR41RnamcOTTqZRu0QhJuiqcEB4Zm6SlhNxqt+Nk8iw==",
      "requires": {
        "@cuties/assert": "1.1.5",
        "@cuties/cutie": "1.4.4",
        "@cuties/is": "1.0.8",
        "test-executor": "1.1.2"
      }
    },
    "@cuties/process": {
      "version": "1.1.0",
      "resolved": "https://registry.npmjs.org/@cuties/process/-/process-1.1.0.tgz",
      "integrity": "sha512-5LbIs3wtvuAm0xTGptIGtqvoeO+HdPDIgYlHzD6wWc912adG/cM9bo3P3VEgFBhQzO63YOFCSFagTvM6d8+0Cw==",
      "requires": {
        "@cuties/assert": "1.1.5",
        "@cuties/child-process": "1.0.2",
        "@cuties/cutie": "1.4.4",
        "@cuties/is": "1.0.8",
        "find-process": "1.1.1",
        "promise-to-callback": "1.0.0",
        "test-executor": "1.1.2"
      }
    },
    "@cuties/rest": {
      "version": "1.1.12",
      "resolved": "https://registry.npmjs.org/@cuties/rest/-/rest-1.1.12.tgz",
      "integrity": "sha512-KeF/Cyl5ecZ/W7NnlBKQ35S+nH4IyXRTcOI1rnp03/ayKn1AUdghD7URWHr6AXZ7HjgfNXXG2LzVK9RK9HyjiA==",
      "requires": {
        "@cuties/assert": "1.1.5",
        "@cuties/buffer": "1.1.1",
        "@cuties/cutie": "1.4.4",
        "@cuties/fs": "1.1.2",
        "@cuties/http": "1.2.6",
        "@cuties/https": "^1.0.3",
        "@cuties/if-else": "1.0.3",
        "@cuties/is": "1.0.8",
        "@cuties/path": "1.0.3",
        "@cuties/process": "1.1.0",
        "@cuties/stream": "1.1.1",
        "test-executor": "1.1.2"
      }
    },
    "@cuties/stream": {
      "version": "1.1.1",
      "resolved": "https://registry.npmjs.org/@cuties/stream/-/stream-1.1.1.tgz",
      "integrity": "sha512-Ms02KU4zyFhthp5nkFuS3dhx0X9ZJsdwOhzRDBrJ1qp0n+2kTCpxnwdxcgkMIC8Y03TUX7U3GdWu7HTqP5hZKg==",
      "requires": {
        "@cuties/assert": "1.1.5",
        "@cuties/cutie": "1.4.4",
        "@cuties/is": "1.0.8",
        "test-executor": "1.1.2"
      }
    },
    "accept": {
      "version": "3.0.2",
      "resolved": "https://registry.npmjs.org/accept/-/accept-3.0.2.tgz",
      "integrity": "sha1-g+Qc7H4RSfP9R0iAQjhz22xsyaw=",
      "requires": {
        "boom": "7.x.x",
        "hoek": "5.x.x"
      }
    },
    "accepts": {
      "version": "1.3.5",
      "resolved": "https://registry.npmjs.org/accepts/-/accepts-1.3.5.tgz",
      "integrity": "sha1-63d99gEXI6OxTopywIBcjoZ0a9I=",
      "requires": {
        "mime-types": "~2.1.18",
        "negotiator": "0.6.1"
      }
    },
    "ammo": {
      "version": "3.0.0",
      "resolved": "https://registry.npmjs.org/ammo/-/ammo-3.0.0.tgz",
      "integrity": "sha1-MPMi9woJBOruF4j00mxb4dctoYE=",
      "requires": {
        "boom": "6.x.x",
        "hoek": "5.x.x"
      },
      "dependencies": {
        "boom": {
          "version": "6.0.0",
          "resolved": "https://registry.npmjs.org/boom/-/boom-6.0.0.tgz",
          "integrity": "sha1-mzbFKhKvqz8OVVNhMbf9UCGq0Mw=",
          "requires": {
            "hoek": "5.x.x"
          }
        }
      }
    },
    "ansi-styles": {
      "version": "3.2.1",
      "resolved": "https://registry.npmjs.org/ansi-styles/-/ansi-styles-3.2.1.tgz",
      "integrity": "sha512-VT0ZI6kZRdTh8YyJw3SMbYm/u+NqfsAxEpWO0Pf9sq8/e94WxxOpPKx9FR1FlyCtOVDNOQ+8ntlqFxiRc+r5qA==",
      "requires": {
        "color-convert": "^1.9.0"
      }
    },
    "array-flatten": {
      "version": "1.1.1",
      "resolved": "https://registry.npmjs.org/array-flatten/-/array-flatten-1.1.1.tgz",
      "integrity": "sha1-ml9pkFGx5wczKPKgCJaLZOopVdI="
    },
    "b64": {
      "version": "4.0.0",
      "resolved": "https://registry.npmjs.org/b64/-/b64-4.0.0.tgz",
      "integrity": "sha1-w39Yfwo4PHAZ6CESDow/WPDSJ3I="
    },
    "big-time": {
      "version": "2.0.1",
      "resolved": "https://registry.npmjs.org/big-time/-/big-time-2.0.1.tgz",
      "integrity": "sha1-aMffjcMPl+lT8lpnp2rJcTwWyd4="
    },
    "body-parser": {
      "version": "1.18.2",
      "resolved": "https://registry.npmjs.org/body-parser/-/body-parser-1.18.2.tgz",
      "integrity": "sha1-h2eKGdhLR9hZuDGZvVm84iKxBFQ=",
      "requires": {
        "bytes": "3.0.0",
        "content-type": "~1.0.4",
        "debug": "2.6.9",
        "depd": "~1.1.1",
        "http-errors": "~1.6.2",
        "iconv-lite": "0.4.19",
        "on-finished": "~2.3.0",
        "qs": "6.5.1",
        "raw-body": "2.3.2",
        "type-is": "~1.6.15"
      }
    },
    "boom": {
      "version": "7.2.0",
      "resolved": "https://registry.npmjs.org/boom/-/boom-7.2.0.tgz",
      "integrity": "sha1-K/8kpVVldn/ehp7ICDF+sQxI6WY=",
      "requires": {
        "hoek": "5.x.x"
      }
    },
    "bounce": {
      "version": "1.2.0",
      "resolved": "https://registry.npmjs.org/bounce/-/bounce-1.2.0.tgz",
      "integrity": "sha1-47rGjHP9JW44CWVR78CfUEhzyMg=",
      "requires": {
        "boom": "7.x.x",
        "hoek": "5.x.x"
      }
    },
    "bourne": {
      "version": "1.0.0",
      "resolved": "https://registry.npmjs.org/bourne/-/bourne-1.0.0.tgz",
      "integrity": "sha512-938G7p21n3x3FiGnZcoN8Spv7EHOgFRnUStCby2/2fYnkY+fFU5TobsN4xCo5kW/jniYJP8KWjBFTzM4oq+ewg=="
    },
    "bytes": {
      "version": "3.0.0",
      "resolved": "https://registry.npmjs.org/bytes/-/bytes-3.0.0.tgz",
      "integrity": "sha1-0ygVQE1olpn4Wk6k+odV3ROpYEg="
    },
    "call": {
      "version": "5.0.1",
      "resolved": "https://registry.npmjs.org/call/-/call-5.0.1.tgz",
      "integrity": "sha1-rBtcEG2e3CoXrypKT3TdTwwG6RA=",
      "requires": {
        "boom": "7.x.x",
        "hoek": "5.x.x"
      }
    },
    "catbox": {
      "version": "10.0.2",
      "resolved": "https://registry.npmjs.org/catbox/-/catbox-10.0.2.tgz",
      "integrity": "sha1-5qwfNRAtGpvQeRW4LlCNErUKi/o=",
      "requires": {
        "boom": "7.x.x",
        "bounce": "1.x.x",
        "hoek": "5.x.x",
        "joi": "13.x.x"
      }
    },
    "catbox-memory": {
      "version": "3.1.2",
      "resolved": "https://registry.npmjs.org/catbox-memory/-/catbox-memory-3.1.2.tgz",
      "integrity": "sha1-Su7BvJlEGcD35gCH8XKq7dm0kRw=",
      "requires": {
        "big-time": "2.x.x",
        "boom": "7.x.x",
        "hoek": "5.x.x"
      }
    },
    "chalk": {
      "version": "2.4.0",
      "resolved": "https://registry.npmjs.org/chalk/-/chalk-2.4.0.tgz",
      "integrity": "sha512-Wr/w0f4o9LuE7K53cD0qmbAMM+2XNLzR29vFn5hqko4sxGlUsyy363NvmyGIyk5tpe9cjTr9SJYbysEyPkRnFw==",
      "requires": {
        "ansi-styles": "^3.2.1",
        "escape-string-regexp": "^1.0.5",
        "supports-color": "^5.3.0"
      }
    },
    "color-convert": {
      "version": "1.9.1",
      "resolved": "https://registry.npmjs.org/color-convert/-/color-convert-1.9.1.tgz",
      "integrity": "sha512-mjGanIiwQJskCC18rPR6OmrZ6fm2Lc7PeGFYwCmy5J34wC6F1PzdGL6xeMfmgicfYcNLGuVFA3WzXtIDCQSZxQ==",
      "requires": {
        "color-name": "^1.1.1"
      }
    },
    "color-name": {
      "version": "1.1.3",
      "resolved": "https://registry.npmjs.org/color-name/-/color-name-1.1.3.tgz",
      "integrity": "sha1-p9BVi9icQveV3UIyj3QIMcpTvCU="
    },
    "commander": {
      "version": "2.15.1",
      "resolved": "https://registry.npmjs.org/commander/-/commander-2.15.1.tgz",
      "integrity": "sha512-VlfT9F3V0v+jr4yxPc5gg9s62/fIVWsd2Bk2iD435um1NlGMYdVCq+MjcXnhYq2icNOizHr1kK+5TI6H0Hy0ag=="
    },
    "content": {
      "version": "4.0.5",
      "resolved": "https://registry.npmjs.org/content/-/content-4.0.5.tgz",
      "integrity": "sha1-vFR96ryImrabzhf681hcKfTEG/I=",
      "requires": {
        "boom": "7.x.x"
      }
    },
    "content-disposition": {
      "version": "0.5.2",
      "resolved": "https://registry.npmjs.org/content-disposition/-/content-disposition-0.5.2.tgz",
      "integrity": "sha1-DPaLud318r55YcOoUXjLhdunjLQ="
    },
    "content-type": {
      "version": "1.0.4",
      "resolved": "https://registry.npmjs.org/content-type/-/content-type-1.0.4.tgz",
      "integrity": "sha1-4TjMdeBAxyexlm/l5fjJruJW/js="
    },
    "cookie": {
      "version": "0.3.1",
      "resolved": "https://registry.npmjs.org/cookie/-/cookie-0.3.1.tgz",
      "integrity": "sha1-5+Ch+e9DtMi6klxcWpboBtFoc7s="
    },
    "cookie-signature": {
      "version": "1.0.6",
      "resolved": "https://registry.npmjs.org/cookie-signature/-/cookie-signature-1.0.6.tgz",
      "integrity": "sha1-4wOogrNCzD7oylE6eZmXNNqzriw="
    },
    "cryptiles": {
      "version": "4.1.3",
      "resolved": "https://registry.npmjs.org/cryptiles/-/cryptiles-4.1.3.tgz",
      "integrity": "sha512-gT9nyTMSUC1JnziQpPbxKGBbUg8VL7Zn2NB4E1cJYvuXdElHrwxrV9bmltZGDzet45zSDGyYceueke1TjynGzw==",
      "requires": {
        "boom": "7.x.x"
      }
    },
    "debug": {
      "version": "2.6.9",
      "resolved": "https://registry.npmjs.org/debug/-/debug-2.6.9.tgz",
      "integrity": "sha1-XRKFFd8TT/Mn6QpMk/Tgd6U2NB8=",
      "requires": {
        "ms": "2.0.0"
      }
    },
    "depd": {
      "version": "1.1.2",
      "resolved": "https://registry.npmjs.org/depd/-/depd-1.1.2.tgz",
      "integrity": "sha1-m81S4UwJd2PnSbJ0xDRu0uVgtak="
    },
    "destroy": {
      "version": "1.0.4",
      "resolved": "https://registry.npmjs.org/destroy/-/destroy-1.0.4.tgz",
      "integrity": "sha1-l4hXRCxEdJ5CBmE+N5RiBYJqvYA="
    },
    "ee-first": {
      "version": "1.1.1",
      "resolved": "https://registry.npmjs.org/ee-first/-/ee-first-1.1.1.tgz",
      "integrity": "sha1-WQxhFWsK4vTwJVcyoViyZrxWsh0="
    },
    "encodeurl": {
      "version": "1.0.2",
      "resolved": "https://registry.npmjs.org/encodeurl/-/encodeurl-1.0.2.tgz",
      "integrity": "sha1-rT/0yG7C0CkyL1oCw6mmBslbP1k="
    },
    "escape-html": {
      "version": "1.0.3",
      "resolved": "https://registry.npmjs.org/escape-html/-/escape-html-1.0.3.tgz",
      "integrity": "sha1-Aljq5NPQwJdN4cFpGI7wBR0dGYg="
    },
    "escape-string-regexp": {
      "version": "1.0.5",
      "resolved": "https://registry.npmjs.org/escape-string-regexp/-/escape-string-regexp-1.0.5.tgz",
      "integrity": "sha1-G2HAViGQqN/2rjuyzwIAyhMLhtQ="
    },
    "etag": {
      "version": "1.8.1",
      "resolved": "https://registry.npmjs.org/etag/-/etag-1.8.1.tgz",
      "integrity": "sha1-Qa4u62XvpiJorr/qg6x9eSmbCIc="
    },
    "express": {
      "version": "4.16.3",
      "resolved": "https://registry.npmjs.org/express/-/express-4.16.3.tgz",
      "integrity": "sha1-avilAjUNsyRuzEvs9rWjTSL37VM=",
      "requires": {
        "accepts": "~1.3.5",
        "array-flatten": "1.1.1",
        "body-parser": "1.18.2",
        "content-disposition": "0.5.2",
        "content-type": "~1.0.4",
        "cookie": "0.3.1",
        "cookie-signature": "1.0.6",
        "debug": "2.6.9",
        "depd": "~1.1.2",
        "encodeurl": "~1.0.2",
        "escape-html": "~1.0.3",
        "etag": "~1.8.1",
        "finalhandler": "1.1.1",
        "fresh": "0.5.2",
        "merge-descriptors": "1.0.1",
        "methods": "~1.1.2",
        "on-finished": "~2.3.0",
        "parseurl": "~1.3.2",
        "path-to-regexp": "0.1.7",
        "proxy-addr": "~2.0.3",
        "qs": "6.5.1",
        "range-parser": "~1.2.0",
        "safe-buffer": "5.1.1",
        "send": "0.16.2",
        "serve-static": "1.13.2",
        "setprototypeof": "1.1.0",
        "statuses": "~1.4.0",
        "type-is": "~1.6.16",
        "utils-merge": "1.0.1",
        "vary": "~1.1.2"
      }
    },
    "finalhandler": {
      "version": "1.1.1",
      "resolved": "https://registry.npmjs.org/finalhandler/-/finalhandler-1.1.1.tgz",
      "integrity": "sha1-7r9O2EAHnIP0JJA4ydcDAIMBsQU=",
      "requires": {
        "debug": "2.6.9",
        "encodeurl": "~1.0.2",
        "escape-html": "~1.0.3",
        "on-finished": "~2.3.0",
        "parseurl": "~1.3.2",
        "statuses": "~1.4.0",
        "unpipe": "~1.0.0"
      }
    },
    "find-process": {
      "version": "1.1.1",
      "resolved": "https://registry.npmjs.org/find-process/-/find-process-1.1.1.tgz",
      "integrity": "sha1-V/sa28f0MEeG23IKSf69cIoxYtQ=",
      "requires": {
        "chalk": "^2.0.1",
        "commander": "^2.11.0",
        "debug": "^2.6.8"
      }
    },
    "forwarded": {
      "version": "0.1.2",
      "resolved": "https://registry.npmjs.org/forwarded/-/forwarded-0.1.2.tgz",
      "integrity": "sha1-mMI9qxF1ZXuMBXPozszZGw/xjIQ="
    },
    "fresh": {
      "version": "0.5.2",
      "resolved": "https://registry.npmjs.org/fresh/-/fresh-0.5.2.tgz",
      "integrity": "sha1-PYyt2Q2XZWn6g1qx+OSyOhBWBac="
    },
    "hapi": {
      "version": "17.3.1",
      "resolved": "https://registry.npmjs.org/hapi/-/hapi-17.3.1.tgz",
      "integrity": "sha1-2ZZ50gg4nhKhOpH1WTKzKrfc7/E=",
      "requires": {
        "accept": "3.x.x",
        "ammo": "3.x.x",
        "boom": "7.x.x",
        "bounce": "1.x.x",
        "call": "5.x.x",
        "catbox": "10.x.x",
        "catbox-memory": "3.x.x",
        "heavy": "6.x.x",
        "hoek": "5.x.x",
        "joi": "13.x.x",
        "mimos": "4.x.x",
        "podium": "3.x.x",
        "shot": "4.x.x",
        "statehood": "6.x.x",
        "subtext": "6.x.x",
        "teamwork": "3.x.x",
        "topo": "3.x.x"
      }
    },
    "has-flag": {
      "version": "3.0.0",
      "resolved": "https://registry.npmjs.org/has-flag/-/has-flag-3.0.0.tgz",
      "integrity": "sha1-tdRU3CGZriJWmfNGfloH87lVuv0="
    },
    "heavy": {
      "version": "6.1.0",
      "resolved": "https://registry.npmjs.org/heavy/-/heavy-6.1.0.tgz",
      "integrity": "sha1-G7+kPcYd1LVD7eP/h9uDBreWcnQ=",
      "requires": {
        "boom": "7.x.x",
        "hoek": "5.x.x",
        "joi": "13.x.x"
      }
    },
    "hoek": {
      "version": "5.0.3",
      "resolved": "https://registry.npmjs.org/hoek/-/hoek-5.0.3.tgz",
      "integrity": "sha1-tx1A2UPQqV2gGVa1R/g8SltKNKw="
    },
    "http-errors": {
      "version": "1.6.3",
      "resolved": "https://registry.npmjs.org/http-errors/-/http-errors-1.6.3.tgz",
      "integrity": "sha1-i1VoC7S+KDoLW/TqLjhYC+HZMg0=",
      "requires": {
        "depd": "~1.1.2",
        "inherits": "2.0.3",
        "setprototypeof": "1.1.0",
        "statuses": ">= 1.4.0 < 2"
      }
    },
    "iconv-lite": {
      "version": "0.4.19",
      "resolved": "https://registry.npmjs.org/iconv-lite/-/iconv-lite-0.4.19.tgz",
      "integrity": "sha1-90aPYBNfXl2tM5nAqBvpoWA6CCs="
    },
    "inherits": {
      "version": "2.0.3",
      "resolved": "https://registry.npmjs.org/inherits/-/inherits-2.0.3.tgz",
      "integrity": "sha1-Yzwsg+PaQqUC9SRmAiSA9CCCYd4="
    },
    "ipaddr.js": {
      "version": "1.6.0",
      "resolved": "https://registry.npmjs.org/ipaddr.js/-/ipaddr.js-1.6.0.tgz",
      "integrity": "sha1-4/o1e3c9phnybpXwSdBVxyeW+Gs="
    },
    "iron": {
      "version": "5.0.6",
      "resolved": "https://registry.npmjs.org/iron/-/iron-5.0.6.tgz",
      "integrity": "sha512-zYUMOSkEXGBdwlV/AXF9zJC0aLuTJUKHkGeYS5I2g225M5i6SrxQyGJGhPgOR8BK1omL6N5i6TcwfsXbP8/Exw==",
      "requires": {
        "b64": "4.x.x",
        "boom": "7.x.x",
        "cryptiles": "4.x.x",
        "hoek": "6.x.x"
      },
      "dependencies": {
        "hoek": {
          "version": "6.1.2",
          "resolved": "https://registry.npmjs.org/hoek/-/hoek-6.1.2.tgz",
          "integrity": "sha512-6qhh/wahGYZHFSFw12tBbJw5fsAhhwrrG/y3Cs0YMTv2WzMnL0oLPnQJjv1QJvEfylRSOFuP+xCu+tdx0tD16Q=="
        }
      }
    },
    "is-fn": {
      "version": "1.0.0",
      "resolved": "https://registry.npmjs.org/is-fn/-/is-fn-1.0.0.tgz",
      "integrity": "sha1-lUPV3nvPWwiiLsiiC65uKG1RDYw="
    },
    "isemail": {
      "version": "3.1.2",
      "resolved": "https://registry.npmjs.org/isemail/-/isemail-3.1.2.tgz",
      "integrity": "sha1-k3z5GQAgd5mac+qLGVHVkOhOAd0=",
      "requires": {
        "punycode": "2.x.x"
      }
    },
    "joi": {
      "version": "13.1.2",
      "resolved": "https://registry.npmjs.org/joi/-/joi-13.1.2.tgz",
      "integrity": "sha1-stsmAyPMf5Gfr6UeCeInW9CJqX4=",
      "requires": {
        "hoek": "5.x.x",
        "isemail": "3.x.x",
        "topo": "3.x.x"
      }
    },
    "media-typer": {
      "version": "0.3.0",
      "resolved": "https://registry.npmjs.org/media-typer/-/media-typer-0.3.0.tgz",
      "integrity": "sha1-hxDXrwqmJvj/+hzgAWhUUmMlV0g="
    },
    "merge-descriptors": {
      "version": "1.0.1",
      "resolved": "https://registry.npmjs.org/merge-descriptors/-/merge-descriptors-1.0.1.tgz",
      "integrity": "sha1-sAqqVW3YtEVoFQ7J0blT8/kMu2E="
    },
    "methods": {
      "version": "1.1.2",
      "resolved": "https://registry.npmjs.org/methods/-/methods-1.1.2.tgz",
      "integrity": "sha1-VSmk1nZUE07cxSZmVoNbD4Ua/O4="
    },
    "mime": {
      "version": "1.4.1",
      "resolved": "https://registry.npmjs.org/mime/-/mime-1.4.1.tgz",
      "integrity": "sha1-Eh+evEnjdm8xGnbh+hyAA8SwOqY="
    },
    "mime-db": {
      "version": "1.33.0",
      "resolved": "https://registry.npmjs.org/mime-db/-/mime-db-1.33.0.tgz",
      "integrity": "sha1-o0kgUKXLm2NFBUHjnZeI0icng9s="
    },
    "mime-types": {
      "version": "2.1.18",
      "resolved": "https://registry.npmjs.org/mime-types/-/mime-types-2.1.18.tgz",
      "integrity": "sha1-bzI/YKg9ERRvgx/xH9ZuL+VQO7g=",
      "requires": {
        "mime-db": "~1.33.0"
      }
    },
    "mimos": {
      "version": "4.0.0",
      "resolved": "https://registry.npmjs.org/mimos/-/mimos-4.0.0.tgz",
      "integrity": "sha1-duPScShDHLZIL9FbIEdXGa1ialo=",
      "requires": {
        "hoek": "5.x.x",
        "mime-db": "1.x.x"
      }
    },
    "ms": {
      "version": "2.0.0",
      "resolved": "https://registry.npmjs.org/ms/-/ms-2.0.0.tgz",
      "integrity": "sha1-VgiurfwAvmwpAd9fmGF4jeDVl8g="
    },
    "negotiator": {
      "version": "0.6.1",
      "resolved": "https://registry.npmjs.org/negotiator/-/negotiator-0.6.1.tgz",
      "integrity": "sha1-KzJxhOiZIQEXeyhWP7XnECrNDKk="
    },
    "nigel": {
      "version": "3.0.1",
      "resolved": "https://registry.npmjs.org/nigel/-/nigel-3.0.1.tgz",
      "integrity": "sha1-SKCIWdZRdzEvHCWvclLB4HuwfCo=",
      "requires": {
        "hoek": "5.x.x",
        "vise": "3.x.x"
      }
    },
    "on-finished": {
      "version": "2.3.0",
      "resolved": "https://registry.npmjs.org/on-finished/-/on-finished-2.3.0.tgz",
      "integrity": "sha1-IPEzZIGwg811M3mSoWlxqi2QaUc=",
      "requires": {
        "ee-first": "1.1.1"
      }
    },
    "parseurl": {
      "version": "1.3.2",
      "resolved": "https://registry.npmjs.org/parseurl/-/parseurl-1.3.2.tgz",
      "integrity": "sha1-/CidTtiZMRlGDBViUyYs3I3mW/M="
    },
    "path-to-regexp": {
      "version": "0.1.7",
      "resolved": "https://registry.npmjs.org/path-to-regexp/-/path-to-regexp-0.1.7.tgz",
      "integrity": "sha1-32BBeABfUi8V60SQ5yR6G/qmf4w="
    },
    "pez": {
      "version": "4.0.2",
      "resolved": "https://registry.npmjs.org/pez/-/pez-4.0.2.tgz",
      "integrity": "sha1-CnyBtklo6QsOlWKzmPOQk56cS1M=",
      "requires": {
        "b64": "4.x.x",
        "boom": "7.x.x",
        "content": "4.x.x",
        "hoek": "5.x.x",
        "nigel": "3.x.x"
      }
    },
    "podium": {
      "version": "3.1.2",
      "resolved": "https://registry.npmjs.org/podium/-/podium-3.1.2.tgz",
      "integrity": "sha1-twFClznPa93mswFa5rSNQAgXzp4=",
      "requires": {
        "hoek": "5.x.x",
        "joi": "13.x.x"
      }
    },
    "promise-to-callback": {
      "version": "1.0.0",
      "resolved": "https://registry.npmjs.org/promise-to-callback/-/promise-to-callback-1.0.0.tgz",
      "integrity": "sha1-XSp0kBC/tn2WNZj805YHRqaP7vc=",
      "requires": {
        "is-fn": "^1.0.0",
        "set-immediate-shim": "^1.0.1"
      }
    },
    "proxy-addr": {
      "version": "2.0.3",
      "resolved": "https://registry.npmjs.org/proxy-addr/-/proxy-addr-2.0.3.tgz",
      "integrity": "sha1-NV8mJQWmIWRrMTCnKOtkfiIFU0E=",
      "requires": {
        "forwarded": "~0.1.2",
        "ipaddr.js": "1.6.0"
      }
    },
    "punycode": {
      "version": "2.1.0",
      "resolved": "https://registry.npmjs.org/punycode/-/punycode-2.1.0.tgz",
      "integrity": "sha1-X4Y+3Im5bbCQdLrXlHvwkFbKTn0="
    },
    "qs": {
      "version": "6.5.1",
      "resolved": "https://registry.npmjs.org/qs/-/qs-6.5.1.tgz",
      "integrity": "sha1-NJzfbu+J7EXBLX1es/wMhwNDptg="
    },
    "range-parser": {
      "version": "1.2.0",
      "resolved": "https://registry.npmjs.org/range-parser/-/range-parser-1.2.0.tgz",
      "integrity": "sha1-9JvmtIeJTdxA3MlKMi9hEJLgDV4="
    },
    "raw-body": {
      "version": "2.3.2",
      "resolved": "https://registry.npmjs.org/raw-body/-/raw-body-2.3.2.tgz",
      "integrity": "sha1-vNYMd9Prk83gBQKVw/N5OJvIj4k=",
      "requires": {
        "bytes": "3.0.0",
        "http-errors": "1.6.2",
        "iconv-lite": "0.4.19",
        "unpipe": "1.0.0"
      },
      "dependencies": {
        "depd": {
          "version": "1.1.1",
          "resolved": "https://registry.npmjs.org/depd/-/depd-1.1.1.tgz",
          "integrity": "sha1-V4O04cRZ8G+lyif5kfPQbnoxA1k="
        },
        "http-errors": {
          "version": "1.6.2",
          "resolved": "https://registry.npmjs.org/http-errors/-/http-errors-1.6.2.tgz",
          "integrity": "sha1-CgAsyFcHGSp+eUbO7cERVfYOxzY=",
          "requires": {
            "depd": "1.1.1",
            "inherits": "2.0.3",
            "setprototypeof": "1.0.3",
            "statuses": ">= 1.3.1 < 2"
          }
        },
        "setprototypeof": {
          "version": "1.0.3",
          "resolved": "https://registry.npmjs.org/setprototypeof/-/setprototypeof-1.0.3.tgz",
          "integrity": "sha1-ZlZ+NwQ+608E2RvWWMDL77VbjgQ="
        }
      }
    },
    "safe-buffer": {
      "version": "5.1.1",
      "resolved": "https://registry.npmjs.org/safe-buffer/-/safe-buffer-5.1.1.tgz",
      "integrity": "sha1-iTMSr2myEj3vcfV4iQAWce6yyFM="
    },
    "send": {
      "version": "0.16.2",
      "resolved": "https://registry.npmjs.org/send/-/send-0.16.2.tgz",
      "integrity": "sha1-bsyh4PjBVtFBWXVZhI32RzCmu8E=",
      "requires": {
        "debug": "2.6.9",
        "depd": "~1.1.2",
        "destroy": "~1.0.4",
        "encodeurl": "~1.0.2",
        "escape-html": "~1.0.3",
        "etag": "~1.8.1",
        "fresh": "0.5.2",
        "http-errors": "~1.6.2",
        "mime": "1.4.1",
        "ms": "2.0.0",
        "on-finished": "~2.3.0",
        "range-parser": "~1.2.0",
        "statuses": "~1.4.0"
      }
    },
    "serve-static": {
      "version": "1.13.2",
      "resolved": "https://registry.npmjs.org/serve-static/-/serve-static-1.13.2.tgz",
      "integrity": "sha1-CV6Ecv1bRiN9tQzkhqQ/S4bGzsE=",
      "requires": {
        "encodeurl": "~1.0.2",
        "escape-html": "~1.0.3",
        "parseurl": "~1.3.2",
        "send": "0.16.2"
      }
    },
    "set-immediate-shim": {
      "version": "1.0.1",
      "resolved": "https://registry.npmjs.org/set-immediate-shim/-/set-immediate-shim-1.0.1.tgz",
      "integrity": "sha1-SysbJ+uAip+NzEgaWOXlb1mfP2E="
    },
    "setprototypeof": {
      "version": "1.1.0",
      "resolved": "https://registry.npmjs.org/setprototypeof/-/setprototypeof-1.1.0.tgz",
      "integrity": "sha1-0L2FU2iHtv58DYGMuWLZ2RxU5lY="
    },
    "shot": {
      "version": "4.0.5",
      "resolved": "https://registry.npmjs.org/shot/-/shot-4.0.5.tgz",
      "integrity": "sha1-x+dFXRHWD2ts08Q+FaO0McF+VWY=",
      "requires": {
        "hoek": "5.x.x",
        "joi": "13.x.x"
      }
    },
    "statehood": {
      "version": "6.0.9",
      "resolved": "https://registry.npmjs.org/statehood/-/statehood-6.0.9.tgz",
      "integrity": "sha512-jbFg1+MYEqfC7ABAoWZoeF4cQUtp3LUvMDUGExL76cMmleBHG7I6xlZFsE8hRi7nEySIvutHmVlLmBe9+2R5LQ==",
      "requires": {
        "boom": "7.x.x",
        "bounce": "1.x.x",
        "bourne": "1.x.x",
        "cryptiles": "4.x.x",
        "hoek": "6.x.x",
        "iron": "5.x.x",
        "joi": "14.x.x"
      },
      "dependencies": {
        "hoek": {
          "version": "6.1.2",
          "resolved": "https://registry.npmjs.org/hoek/-/hoek-6.1.2.tgz",
          "integrity": "sha512-6qhh/wahGYZHFSFw12tBbJw5fsAhhwrrG/y3Cs0YMTv2WzMnL0oLPnQJjv1QJvEfylRSOFuP+xCu+tdx0tD16Q=="
        },
        "joi": {
          "version": "14.3.1",
          "resolved": "https://registry.npmjs.org/joi/-/joi-14.3.1.tgz",
          "integrity": "sha512-LQDdM+pkOrpAn4Lp+neNIFV3axv1Vna3j38bisbQhETPMANYRbFJFUyOZcOClYvM/hppMhGWuKSFEK9vjrB+bQ==",
          "requires": {
            "hoek": "6.x.x",
            "isemail": "3.x.x",
            "topo": "3.x.x"
          }
        }
      }
    },
    "statuses": {
      "version": "1.4.0",
      "resolved": "https://registry.npmjs.org/statuses/-/statuses-1.4.0.tgz",
      "integrity": "sha1-u3PURtonlhBu/MG2AaJT1sRr0Ic="
    },
    "subtext": {
      "version": "6.0.7",
      "resolved": "https://registry.npmjs.org/subtext/-/subtext-6.0.7.tgz",
      "integrity": "sha1-jkCmeQGnNNWYFCZlyQ45g2m4hfk=",
      "requires": {
        "boom": "7.x.x",
        "content": "4.x.x",
        "hoek": "5.x.x",
        "pez": "4.x.x",
        "wreck": "14.x.x"
      }
    },
    "supports-color": {
      "version": "5.4.0",
      "resolved": "https://registry.npmjs.org/supports-color/-/supports-color-5.4.0.tgz",
      "integrity": "sha512-zjaXglF5nnWpsq470jSv6P9DwPvgLkuapYmfDm3JWOm0vkNTVF2tI4UrN2r6jH1qM/uc/WtxYY1hYoA2dOKj5w==",
      "requires": {
        "has-flag": "^3.0.0"
      }
    },
    "teamwork": {
      "version": "3.0.1",
      "resolved": "https://registry.npmjs.org/teamwork/-/teamwork-3.0.1.tgz",
      "integrity": "sha1-/zjHFh9B+AcLeBNxbrYVQDbs4ZY="
    },
    "test-executor": {
      "version": "1.1.2",
      "resolved": "https://registry.npmjs.org/test-executor/-/test-executor-1.1.2.tgz",
      "integrity": "sha512-U6ctuLrvOoc6HVttd1KX7GkuNKuU5/4cVCi/ycdSv1F6fJK9CYYsXjDVLqrIxjjKomI+zDWDL7b3r3JaRfTcGA==",
      "requires": {
        "@cuties/cutie": "1.4.4"
      }
    },
    "topo": {
      "version": "3.0.0",
      "resolved": "https://registry.npmjs.org/topo/-/topo-3.0.0.tgz",
      "integrity": "sha1-N+SMMw7+rHhFOOCs0+YspeIx/no=",
      "requires": {
        "hoek": "5.x.x"
      }
    },
    "type-is": {
      "version": "1.6.16",
      "resolved": "https://registry.npmjs.org/type-is/-/type-is-1.6.16.tgz",
      "integrity": "sha1-+JzjQVQcZysl7nrjxz3uOyvlAZQ=",
      "requires": {
        "media-typer": "0.3.0",
        "mime-types": "~2.1.18"
      }
    },
    "unpipe": {
      "version": "1.0.0",
      "resolved": "https://registry.npmjs.org/unpipe/-/unpipe-1.0.0.tgz",
      "integrity": "sha1-sr9O6FFKrmFltIF4KdIbLvSZBOw="
    },
    "utils-merge": {
      "version": "1.0.1",
      "resolved": "https://registry.npmjs.org/utils-merge/-/utils-merge-1.0.1.tgz",
      "integrity": "sha1-n5VxD1CiZ5R7LMwSR0HBAoQn5xM="
    },
    "vary": {
      "version": "1.1.2",
      "resolved": "https://registry.npmjs.org/vary/-/vary-1.1.2.tgz",
      "integrity": "sha1-IpnwLG3tMNSllhsLn3RSShj2NPw="
    },
    "vise": {
      "version": "3.0.0",
      "resolved": "https://registry.npmjs.org/vise/-/vise-3.0.0.tgz",
      "integrity": "sha1-dq0UqzFmnFD7sIF7wOcv7cuzv0w=",
      "requires": {
        "hoek": "5.x.x"
      }
    },
    "wreck": {
      "version": "14.0.2",
      "resolved": "https://registry.npmjs.org/wreck/-/wreck-14.0.2.tgz",
      "integrity": "sha1-icF6kGHHRe0cOuvLZuoYHbqrRUw=",
      "requires": {
        "boom": "7.x.x",
        "hoek": "5.x.x"
      }
    }
  }
}
